
Microsoft Visual Studio Solution File, Format Version 12.00
# Visual Studio Version 17
VisualStudioVersion = 17.5.33530.505
MinimumVisualStudioVersion = 10.0.40219.1
Project("{FAE04EC0-301F-11D3-BF4B-00C04F79EFBC}") = "Flick&Pages", "Flick&Pages\Flick&Pages.csproj", "{AD853B46-3D39-4638-AEBE-EA0A11F4AD64}"
EndProject
Global
	GlobalSection(SolutionConfigurationPlatforms) = preSolution
		Debug|Any CPU = Debug|Any CPU
		Release|Any CPU = Release|Any CPU
	EndGlobalSection
	GlobalSection(ProjectConfigurationPlatforms) = postSolution
		{AD853B46-3D39-4638-AEBE-EA0A11F4AD64}.Debug|Any CPU.ActiveCfg = Debug|Any CPU
		{AD853B46-3D39-4638-AEBE-EA0A11F4AD64}.Debug|Any CPU.Build.0 = Debug|Any CPU
		{AD853B46-3D39-4638-AEBE-EA0A11F4AD64}.Release|Any CPU.ActiveCfg = Release|Any CPU
		{AD853B46-3D39-4638-AEBE-EA0A11F4AD64}.Release|Any CPU.Build.0 = Release|Any CPU
	EndGlobalSection
	GlobalSection(SolutionProperties) = preSolution
		HideSolutionNode = FALSE
	EndGlobalSection
	GlobalSection(ExtensibilityGlobals) = postSolution
		SolutionGuid = {960CACFA-D435-4888-BEFA-24593AF6A94B}
	EndGlobalSection
EndGlobal
